// !$*UTF8*$!
{
	archiveVersion = 1;
	classes = {
	};
	objectVersion = 50;
	objects = {

/* Begin PBXBuildFile section */
		79F249EC221400F9000B7048 /* main.cpp in Sources */ = {isa = PBXBuildFile; fileRef = 79F249EB221400F9000B7048 /* main.cpp */; };
		79F249F422140139000B7048 /* Stack.cpp in Sources */ = {isa = PBXBuildFile; fileRef = 79F249F222140139000B7048 /* Stack.cpp */; };
		79F249F722140683000B7048 /* Conversion.cpp in Sources */ = {isa = PBXBuildFile; fileRef = 79F249F522140683000B7048 /* Conversion.cpp */; };
		79F249FF2216C3E6000B7048 /* main.cpp in Sources */ = {isa = PBXBuildFile; fileRef = 79F249FE2216C3E6000B7048 /* main.cpp */; };
		79F24A052216C442000B7048 /* StackType.cpp in Sources */ = {isa = PBXBuildFile; fileRef = 79F24A032216C442000B7048 /* StackType.cpp */; };
		79F24A08221722C1000B7048 /* PostfixExp.cpp in Sources */ = {isa = PBXBuildFile; fileRef = 79F24A06221722C1000B7048 /* PostfixExp.cpp */; };
/* End PBXBuildFile section */

/* Begin PBXCopyFilesBuildPhase section */
		79F249E6221400F8000B7048 /* CopyFiles */ = {
			isa = PBXCopyFilesBuildPhase;
			buildActionMask = 2147483647;
			dstPath = /usr/share/man/man1/;
			dstSubfolderSpec = 0;
			files = (
			);
			runOnlyForDeploymentPostprocessing = 1;
		};
		79F249FA2216C3E6000B7048 /* CopyFiles */ = {
			isa = PBXCopyFilesBuildPhase;
			buildActionMask = 2147483647;
			dstPath = /usr/share/man/man1/;
			dstSubfolderSpec = 0;
			files = (
			);
			runOnlyForDeploymentPostprocessing = 1;
		};
/* End PBXCopyFilesBuildPhase section */

/* Begin PBXFileReference section */
		79F249E8221400F9000B7048 /* CMP305-LAB2 */ = {isa = PBXFileReference; explicitFileType = "compiled.mach-o.executable"; includeInIndex = 0; path = "CMP305-LAB2"; sourceTree = BUILT_PRODUCTS_DIR; };
		79F249EB221400F9000B7048 /* main.cpp */ = {isa = PBXFileReference; lastKnownFileType = sourcecode.cpp.cpp; path = main.cpp; sourceTree = "<group>"; };
		79F249F222140139000B7048 /* Stack.cpp */ = {isa = PBXFileReference; lastKnownFileType = sourcecode.cpp.cpp; path = Stack.cpp; sourceTree = "<group>"; };
		79F249F322140139000B7048 /* Stack.hpp */ = {isa = PBXFileReference; lastKnownFileType = sourcecode.cpp.h; path = Stack.hpp; sourceTree = "<group>"; };
		79F249F522140683000B7048 /* Conversion.cpp */ = {isa = PBXFileReference; lastKnownFileType = sourcecode.cpp.cpp; path = Conversion.cpp; sourceTree = "<group>"; };
		79F249F622140683000B7048 /* Conversion.hpp */ = {isa = PBXFileReference; lastKnownFileType = sourcecode.cpp.h; path = Conversion.hpp; sourceTree = "<group>"; };
		79F249FC2216C3E6000B7048 /* CMP305-LAB2-Exc4 */ = {isa = PBXFileReference; explicitFileType = "compiled.mach-o.executable"; includeInIndex = 0; path = "CMP305-LAB2-Exc4"; sourceTree = BUILT_PRODUCTS_DIR; };
		79F249FE2216C3E6000B7048 /* main.cpp */ = {isa = PBXFileReference; lastKnownFileType = sourcecode.cpp.cpp; path = main.cpp; sourceTree = "<group>"; };
		79F24A032216C442000B7048 /* StackType.cpp */ = {isa = PBXFileReference; lastKnownFileType = sourcecode.cpp.cpp; path = StackType.cpp; sourceTree = "<group>"; };
		79F24A042216C442000B7048 /* StackType.hpp */ = {isa = PBXFileReference; lastKnownFileType = sourcecode.cpp.h; path = StackType.hpp; sourceTree = "<group>"; };
		79F24A06221722C1000B7048 /* PostfixExp.cpp */ = {isa = PBXFileReference; lastKnownFileType = sourcecode.cpp.cpp; path = PostfixExp.cpp; sourceTree = "<group>"; };
		79F24A07221722C1000B7048 /* PostfixExp.hpp */ = {isa = PBXFileReference; lastKnownFileType = sourcecode.cpp.h; path = PostfixExp.hpp; sourceTree = "<group>"; };
/* End PBXFileReference section */

/* Begin PBXFrameworksBuildPhase section */
		79F249E5221400F8000B7048 /* Frameworks */ = {
			isa = PBXFrameworksBuildPhase;
			buildActionMask = 2147483647;
			files = (
			);
			runOnlyForDeploymentPostprocessing = 0;
		};
		79F249F92216C3E6000B7048 /* Frameworks */ = {
			isa = PBXFrameworksBuildPhase;
			buildActionMask = 2147483647;
			files = (
			);
			runOnlyForDeploymentPostprocessing = 0;
		};
/* End PBXFrameworksBuildPhase section */

/* Begin PBXGroup section */
		79F249DF221400F8000B7048 = {
			isa = PBXGroup;
			children = (
				79F24A06221722C1000B7048 /* PostfixExp.cpp */,
				79F24A07221722C1000B7048 /* PostfixExp.hpp */,
				79F24A032216C442000B7048 /* StackType.cpp */,
				79F24A042216C442000B7048 /* StackType.hpp */,
				79F249F522140683000B7048 /* Conversion.cpp */,
				79F249F622140683000B7048 /* Conversion.hpp */,
				79F249F222140139000B7048 /* Stack.cpp */,
				79F249F322140139000B7048 /* Stack.hpp */,
				79F249EA221400F9000B7048 /* CMP305-LAB2 */,
				79F249FD2216C3E6000B7048 /* CMP305-LAB2-Exc4 */,
				79F249E9221400F9000B7048 /* Products */,
			);
			sourceTree = "<group>";
		};
		79F249E9221400F9000B7048 /* Products */ = {
			isa = PBXGroup;
			children = (
				79F249E8221400F9000B7048 /* CMP305-LAB2 */,
				79F249FC2216C3E6000B7048 /* CMP305-LAB2-Exc4 */,
			);
			name = Products;
			sourceTree = "<group>";
		};
		79F249EA221400F9000B7048 /* CMP305-LAB2 */ = {
			isa = PBXGroup;
			children = (
				79F249EB221400F9000B7048 /* main.cpp */,
			);
			path = "CMP305-LAB2";
			sourceTree = "<group>";
		};
		79F249FD2216C3E6000B7048 /* CMP305-LAB2-Exc4 */ = {
			isa = PBXGroup;
			children = (
				79F249FE2216C3E6000B7048 /* main.cpp */,
			);
			path = "CMP305-LAB2-Exc4";
			sourceTree = "<group>";
		};
/* End PBXGroup section */

/* Begin PBXNativeTarget section */
		79F249E7221400F8000B7048 /* CMP305-LAB2 */ = {
			isa = PBXNativeTarget;
			buildConfigurationList = 79F249EF221400F9000B7048 /* Build configuration list for PBXNativeTarget "CMP305-LAB2" */;
			buildPhases = (
				79F249E4221400F8000B7048 /* Sources */,
				79F249E5221400F8000B7048 /* Frameworks */,
				79F249E6221400F8000B7048 /* CopyFiles */,
			);
			buildRules = (
			);
			dependencies = (
			);
			name = "CMP305-LAB2";
			productName = "CMP305-LAB2";
			productReference = 79F249E8221400F9000B7048 /* CMP305-LAB2 */;
			productType = "com.apple.product-type.tool";
		};
		79F249FB2216C3E6000B7048 /* CMP305-LAB2-Exc4 */ = {
			isa = PBXNativeTarget;
			buildConfigurationList = 79F24A002216C3E6000B7048 /* Build configuration list for PBXNativeTarget "CMP305-LAB2-Exc4" */;
			buildPhases = (
				79F249F82216C3E6000B7048 /* Sources */,
				79F249F92216C3E6000B7048 /* Frameworks */,
				79F249FA2216C3E6000B7048 /* CopyFiles */,
			);
			buildRules = (
			);
			dependencies = (
			);
			name = "CMP305-LAB2-Exc4";
			productName = "CMP305-LAB2-Exc4";
			productReference = 79F249FC2216C3E6000B7048 /* CMP305-LAB2-Exc4 */;
			productType = "com.apple.product-type.tool";
		};
/* End PBXNativeTarget section */

/* Begin PBXProject section */
		79F249E0221400F8000B7048 /* Project object */ = {
			isa = PBXProject;
			attributes = {
				LastUpgradeCheck = 0940;
				ORGANIZATIONNAME = "Mohamed Nagaty";
				TargetAttributes = {
					79F249E7221400F8000B7048 = {
						CreatedOnToolsVersion = 9.4.1;
					};
					79F249FB2216C3E6000B7048 = {
						CreatedOnToolsVersion = 9.4.1;
					};
				};
			};
			buildConfigurationList = 79F249E3221400F8000B7048 /* Build configuration list for PBXProject "CMP305-LAB2" */;
			compatibilityVersion = "Xcode 9.3";
			developmentRegion = en;
			hasScannedForEncodings = 0;
			knownRegions = (
				en,
			);
			mainGroup = 79F249DF221400F8000B7048;
			productRefGroup = 79F249E9221400F9000B7048 /* Products */;
			projectDirPath = "";
			projectRoot = "";
			targets = (
				79F249E7221400F8000B7048 /* CMP305-LAB2 */,
				79F249FB2216C3E6000B7048 /* CMP305-LAB2-Exc4 */,
			);
		};
/* End PBXProject section */

/* Begin PBXSourcesBuildPhase section */
		79F249E4221400F8000B7048 /* Sources */ = {
			isa = PBXSourcesBuildPhase;
			buildActionMask = 2147483647;
			files = (
				79F249F422140139000B7048 /* Stack.cpp in Sources */,
				79F24A08221722C1000B7048 /* PostfixExp.cpp in Sources */,
				79F249F722140683000B7048 /* Conversion.cpp in Sources */,
				79F24A052216C442000B7048 /* StackType.cpp in Sources */,
				79F249EC221400F9000B7048 /* main.cpp in Sources */,
			);
			runOnlyForDeploymentPostprocessing = 0;
		};
		79F249F82216C3E6000B7048 /* Sources */ = {
			isa = PBXSourcesBuildPhase;
			buildActionMask = 2147483647;
			files = (
				79F249FF2216C3E6000B7048 /* main.cpp in Sources */,
			);
			runOnlyForDeploymentPostprocessing = 0;
		};
/* End PBXSourcesBuildPhase section */

/* Begin XCBuildConfiguration section */
		79F249ED221400F9000B7048 /* Debug */ = {
			isa = XCBuildConfiguration;
			buildSettings = {
				ALWAYS_SEARCH_USER_PATHS = NO;
				CLANG_ANALYZER_NONNULL = YES;
				CLANG_ANALYZER_NUMBER_OBJECT_CONVERSION = YES_AGGRESSIVE;
				CLANG_CXX_LANGUAGE_STANDARD = "gnu++14";
				CLANG_CXX_LIBRARY = "libc++";
				CLANG_ENABLE_MODULES = YES;
				CLANG_ENABLE_OBJC_ARC = YES;
				CLANG_ENABLE_OBJC_WEAK = YES;
				CLANG_WARN_BLOCK_CAPTURE_AUTORELEASING = YES;
				CLANG_WARN_BOOL_CONVERSION = YES;
				CLANG_WARN_COMMA = YES;
				CLANG_WARN_CONSTANT_CONVERSION = YES;
				CLANG_WARN_DEPRECATED_OBJC_IMPLEMENTATIONS = YES;
				CLANG_WARN_DIRECT_OBJC_ISA_USAGE = YES_ERROR;
				CLANG_WARN_DOCUMENTATION_COMMENTS = YES;
				CLANG_WARN_EMPTY_BODY = YES;
				CLANG_WARN_ENUM_CONVERSION = YES;
				CLANG_WARN_INFINITE_RECURSION = YES;
				CLANG_WARN_INT_CONVERSION = YES;
				CLANG_WARN_NON_LITERAL_NULL_CONVERSION = YES;
				CLANG_WARN_OBJC_IMPLICIT_RETAIN_SELF = YES;
				CLANG_WARN_OBJC_LITERAL_CONVERSION = YES;
				CLANG_WARN_OBJC_ROOT_CLASS = YES_ERROR;
				CLANG_WARN_RANGE_LOOP_ANALYSIS = YES;
				CLANG_WARN_STRICT_PROTOTYPES = YES;
				CLANG_WARN_SUSPICIOUS_MOVE = YES;
				CLANG_WARN_UNGUARDED_AVAILABILITY = YES_AGGRESSIVE;
				CLANG_WARN_UNREACHABLE_CODE = YES;
				CLANG_WARN__DUPLICATE_METHOD_MATCH = YES;
				CODE_SIGN_IDENTITY = "Mac Developer";
				COPY_PHASE_STRIP = NO;
				DEBUG_INFORMATION_FORMAT = dwarf;
				ENABLE_STRICT_OBJC_MSGSEND = YES;
				ENABLE_TESTABILITY = YES;
				GCC_C_LANGUAGE_STANDARD = gnu11;
				GCC_DYNAMIC_NO_PIC = NO;
				GCC_NO_COMMON_BLOCKS = YES;
				GCC_OPTIMIZATION_LEVEL = 0;
				GCC_PREPROCESSOR_DEFINITIONS = (
					"DEBUG=1",
					"$(inherited)",
				);
				GCC_WARN_64_TO_32_BIT_CONVERSION = YES;
				GCC_WARN_ABOUT_RETURN_TYPE = YES_ERROR;
				GCC_WARN_UNDECLARED_SELECTOR = YES;
				GCC_WARN_UNINITIALIZED_AUTOS = YES_AGGRESSIVE;
				GCC_WARN_UNUSED_FUNCTION = YES;
				GCC_WARN_UNUSED_VARIABLE = YES;
				MACOSX_DEPLOYMENT_TARGET = 10.13;
				MTL_ENABLE_DEBUG_INFO = YES;
				ONLY_ACTIVE_ARCH = YES;
				SDKROOT = macosx;
			};
			name = Debug;
		};
		79F249EE221400F9000B7048 /* Release */ = {
			isa = XCBuildConfiguration;
			buildSettings = {
				ALWAYS_SEARCH_USER_PATHS = NO;
				CLANG_ANALYZER_NONNULL = YES;
				CLANG_ANALYZER_NUMBER_OBJECT_CONVERSION = YES_AGGRESSIVE;
				CLANG_CXX_LANGUAGE_STANDARD = "gnu++14";
				CLANG_CXX_LIBRARY = "libc++";
				CLANG_ENABLE_MODULES = YES;
				CLANG_ENABLE_OBJC_ARC = YES;
				CLANG_ENABLE_OBJC_WEAK = YES;
				CLANG_WARN_BLOCK_CAPTURE_AUTORELEASING = YES;
				CLANG_WARN_BOOL_CONVERSION = YES;
				CLANG_WARN_COMMA = YES;
				CLANG_WARN_CONSTANT_CONVERSION = YES;
				CLANG_WARN_DEPRECATED_OBJC_IMPLEMENTATIONS = YES;
				CLANG_WARN_DIRECT_OBJC_ISA_USAGE = YES_ERROR;
				CLANG_WARN_DOCUMENTATION_COMMENTS = YES;
				CLANG_WARN_EMPTY_BODY = YES;
				CLANG_WARN_ENUM_CONVERSION = YES;
				CLANG_WARN_INFINITE_RECURSION = YES;
				CLANG_WARN_INT_CONVERSION = YES;
				CLANG_WARN_NON_LITERAL_NULL_CONVERSION = YES;
				CLANG_WARN_OBJC_IMPLICIT_RETAIN_SELF = YES;
				CLANG_WARN_OBJC_LITERAL_CONVERSION = YES;
				CLANG_WARN_OBJC_ROOT_CLASS = YES_ERROR;
				CLANG_WARN_RANGE_LOOP_ANALYSIS = YES;
				CLANG_WARN_STRICT_PROTOTYPES = YES;
				CLANG_WARN_SUSPICIOUS_MOVE = YES;
				CLANG_WARN_UNGUARDED_AVAILABILITY = YES_AGGRESSIVE;
				CLANG_WARN_UNREACHABLE_CODE = YES;
				CLANG_WARN__DUPLICATE_METHOD_MATCH = YES;
				CODE_SIGN_IDENTITY = "Mac Developer";
				COPY_PHASE_STRIP = NO;
				DEBUG_INFORMATION_FORMAT = "dwarf-with-dsym";
				ENABLE_NS_ASSERTIONS = NO;
				ENABLE_STRICT_OBJC_MSGSEND = YES;
				GCC_C_LANGUAGE_STANDARD = gnu11;
				GCC_NO_COMMON_BLOCKS = YES;
				GCC_WARN_64_TO_32_BIT_CONVERSION = YES;
				GCC_WARN_ABOUT_RETURN_TYPE = YES_ERROR;
				GCC_WARN_UNDECLARED_SELECTOR = YES;
				GCC_WARN_UNINITIALIZED_AUTOS = YES_AGGRESSIVE;
				GCC_WARN_UNUSED_FUNCTION = YES;
				GCC_WARN_UNUSED_VARIABLE = YES;
				MACOSX_DEPLOYMENT_TARGET = 10.13;
				MTL_ENABLE_DEBUG_INFO = NO;
				SDKROOT = macosx;
			};
			name = Release;
		};
		79F249F0221400F9000B7048 /* Debug */ = {
			isa = XCBuildConfiguration;
			buildSettings = {
				CODE_SIGN_STYLE = Automatic;
				DEVELOPMENT_TEAM = YE26C4D6Q5;
				PRODUCT_NAME = "$(TARGET_NAME)";
			};
			name = Debug;
		};
		79F249F1221400F9000B7048 /* Release */ = {
			isa = XCBuildConfiguration;
			buildSettings = {
				CODE_SIGN_STYLE = Automatic;
				DEVELOPMENT_TEAM = YE26C4D6Q5;
				PRODUCT_NAME = "$(TARGET_NAME)";
			};
			name = Release;
		};
		79F24A012216C3E6000B7048 /* Debug */ = {
			isa = XCBuildConfiguration;
			buildSettings = {
				CODE_SIGN_STYLE = Automatic;
				DEVELOPMENT_TEAM = YE26C4D6Q5;
				PRODUCT_NAME = "$(TARGET_NAME)";
			};
			name = Debug;
		};
		79F24A022216C3E6000B7048 /* Release */ = {
			isa = XCBuildConfiguration;
			buildSettings = {
				CODE_SIGN_STYLE = Automatic;
				DEVELOPMENT_TEAM = YE26C4D6Q5;
				PRODUCT_NAME = "$(TARGET_NAME)";
			};
			name = Release;
		};
/* End XCBuildConfiguration section */

/* Begin XCConfigurationList section */
		79F249E3221400F8000B7048 /* Build configuration list for PBXProject "CMP305-LAB2" */ = {
			isa = XCConfigurationList;
			buildConfigurations = (
				79F249ED221400F9000B7048 /* Debug */,
				79F249EE221400F9000B7048 /* Release */,
			);
			defaultConfigurationIsVisible = 0;
			defaultConfigurationName = Release;
		};
		79F249EF221400F9000B7048 /* Build configuration list for PBXNativeTarget "CMP305-LAB2" */ = {
			isa = XCConfigurationList;
			buildConfigurations = (
				79F249F0221400F9000B7048 /* Debug */,
				79F249F1221400F9000B7048 /* Release */,
			);
			defaultConfigurationIsVisible = 0;
			defaultConfigurationName = Release;
		};
		79F24A002216C3E6000B7048 /* Build configuration list for PBXNativeTarget "CMP305-LAB2-Exc4" */ = {
			isa = XCConfigurationList;
			buildConfigurations = (
				79F24A012216C3E6000B7048 /* Debug */,
				79F24A022216C3E6000B7048 /* Release */,
			);
			defaultConfigurationIsVisible = 0;
			defaultConfigurationName = Release;
		};
/* End XCConfigurationList section */
	};
	rootObject = 79F249E0221400F8000B7048 /* Project object */;
}
